
Microsoft Visual Studio Solution File, Format Version 12.00
# Visual Studio Version 17
VisualStudioVersion = 17.8.34330.188
MinimumVisualStudioVersion = 10.0.40219.1
Project("{9A19103F-16F7-4668-BE54-9A1E7A4F7556}") = "Authentication.Credentials.Azure", "Authentication.Credentials.Azure\Authentication.Credentials.Azure.csproj", "{8D1B6198-A637-4ED5-B17E-4F80080D39D0}"
EndProject
Project("{FAE04EC0-301F-11D3-BF4B-00C04F79EFBC}") = "Authentication.Credentials.Azure.Test", "Authentication.Credentials.Azure.Test\Authentication.Credentials.Azure.Test.csproj", "{F8DB7C3A-3E3E-44AA-BA4C-E9F815AF46B8}"
EndProject
Project("{2150E333-8FDC-42A3-9474-1A3956D46DE8}") = "Solution Items", "Solution Items", "{74F81846-EB70-41F6-AB76-54667940B3C3}"
	ProjectSection(SolutionItems) = preProject
		azure-pipelines.yml = azure-pipelines.yml
		CONTRIBUTING.txt = CONTRIBUTING.txt
		docfx.json = docfx.json
		GitVersion.yml = GitVersion.yml
		icon.png = icon.png
		LICENSE-AGPLV3.txt = LICENSE-AGPLV3.txt
		LICENSE-PROPRIETARY.txt = LICENSE-PROPRIETARY.txt
		LICENSE.txt = LICENSE.txt
		Authentication.Credentials.Azure.sln.licenseheader = Authentication.Credentials.Azure.sln.licenseheader
		PRIVACY.txt = PRIVACY.txt
		README.md = README.md
		TERMS.txt = TERMS.txt
	EndProjectSection
EndProject
Global
	GlobalSection(SolutionConfigurationPlatforms) = preSolution
		Debug|Any CPU = Debug|Any CPU
		Release|Any CPU = Release|Any CPU
	EndGlobalSection
	GlobalSection(ProjectConfigurationPlatforms) = postSolution
		{8D1B6198-A637-4ED5-B17E-4F80080D39D0}.Debug|Any CPU.ActiveCfg = Debug|Any CPU
		{8D1B6198-A637-4ED5-B17E-4F80080D39D0}.Debug|Any CPU.Build.0 = Debug|Any CPU
		{8D1B6198-A637-4ED5-B17E-4F80080D39D0}.Release|Any CPU.ActiveCfg = Release|Any CPU
		{8D1B6198-A637-4ED5-B17E-4F80080D39D0}.Release|Any CPU.Build.0 = Release|Any CPU
		{F8DB7C3A-3E3E-44AA-BA4C-E9F815AF46B8}.Debug|Any CPU.ActiveCfg = Debug|Any CPU
		{F8DB7C3A-3E3E-44AA-BA4C-E9F815AF46B8}.Debug|Any CPU.Build.0 = Debug|Any CPU
		{F8DB7C3A-3E3E-44AA-BA4C-E9F815AF46B8}.Release|Any CPU.ActiveCfg = Release|Any CPU
		{F8DB7C3A-3E3E-44AA-BA4C-E9F815AF46B8}.Release|Any CPU.Build.0 = Release|Any CPU
	EndGlobalSection
	GlobalSection(SolutionProperties) = preSolution
		HideSolutionNode = FALSE
	EndGlobalSection
	GlobalSection(ExtensibilityGlobals) = postSolution
		SolutionGuid = {A392E4E4-6D08-4A68-BB7A-EF839CCA3EE0}
	EndGlobalSection
EndGlobal
